github.com/davecgh/go-spew v1.1.0/go.mod h1:J7Y8YcW2NihsgmVo/mv3lAwl/skON4iLHjSsI+c5H38=
github.com/pmezard/go-difflib v1.0.0/go.mod h1:iKH77koFhYxTK1pcRnkKkqfTogsbg7gZNVY4sRDYZ/4=
github.com/r3b-fish/goffmpeg v0.0.0-20200410215924-644d31a1bc6b h1:EgiWdiTRDs6NaetB30nee8KbJkJAwKvLyOrvRhsRn/A=
github.com/r3b-fish/goffmpeg v0.0.0-20200410215924-644d31a1bc6b/go.mod h1:fVs4qpwtgjOHD31cTmdHppcr/6vD8QHrAVAu2jTSVFI=
github.com/r3b-fish/goffmpeg v0.6.0 h1:tvy1Oa78Zpq7T23vA1pmXmgmOkJ6RR/qjB4qZWSCnew=
github.com/r3b-fish/goffmpeg v0.6.0/go.mod h1:qqcvUS/4wgH70pzlcA4Kf4CwecjLRr58b/uS2bEoDic=
github.com/stretchr/objx v0.1.0/go.mod h1:HFkY916IF+rwdDfMAkV7OtwuqBVzrE8GR6GFx+wExME=
github.com/stretchr/testify v1.5.1/go.mod h1:5W2xD1RspED5o8YsWQXVCued0rvSQ+mT+I5cxcmMvtA=
github.com/xfrr/goffmpeg v0.0.0-20200403115021-c3a1545b29f4 h1:wlOx3qFG/zRKKJ40BND0dFrN03N+ofITOj5lPm30FXA=
github.com/xfrr/goffmpeg v0.0.0-20200403115021-c3a1545b29f4/go.mod h1:fVs4qpwtgjOHD31cTmdHppcr/6vD8QHrAVAu2jTSVFI=
gopkg.in/check.v1 v0.0.0-20161208181325-20d25e280405/go.mod h1:Co6ibVJAznAaIkqp8huTwlJQCZ016jof/cbN4VW5Yz0=
gopkg.in/yaml.v2 v2.2.2/go.mod h1:hI93XBmqTisBFMUTm0b8Fm+jr3Dg1NNxqwp+5A1VGuI=
